
Microsoft Visual Studio Solution File, Format Version 12.00
# Visual Studio Version 16
VisualStudioVersion = 16.0.30114.105
MinimumVisualStudioVersion = 10.0.40219.1
Project("{9A19103F-16F7-4668-BE54-9A1E7A4F7556}") = "SigningServer.Server", "SigningServer.Server\SigningServer.Server.csproj", "{50287122-BA69-45AA-8EA5-974725E94949}"
EndProject
Project("{8BC9CEB8-8B4A-11D0-8D11-00A0C91BC942}") = "SigningServer.Server.PE", "SigningServer.Server.PE\SigningServer.Server.PE.vcxproj", "{D21AAFFC-1098-4A51-ACF4-48B4B73F5022}"
EndProject
Project("{9A19103F-16F7-4668-BE54-9A1E7A4F7556}") = "SigningServer.Test", "SigningServer.Test\SigningServer.Test.csproj", "{5C9B1181-7E9F-45A0-8306-6FBA5C71D0A1}"
EndProject
Project("{9A19103F-16F7-4668-BE54-9A1E7A4F7556}") = "SigningServer.Client", "SigningServer.Client\SigningServer.Client.csproj", "{70999530-7B5C-4154-8414-0717D0A9C4D6}"
EndProject
Project("{2150E333-8FDC-42A3-9474-1A3956D46DE8}") = "CommonFiles", "CommonFiles", "{8EA70BD6-AE4B-48C4-A73D-E9A8595F8755}"
	ProjectSection(SolutionItems) = preProject
		Directory.Build.props = Directory.Build.props
	EndProjectSection
EndProject
Project("{9A19103F-16F7-4668-BE54-9A1E7A4F7556}") = "SigningServer.Contracts", "SigningServer.Contracts\SigningServer.Contracts.csproj", "{EC706B59-9540-45A3-A6E3-29634855DA74}"
EndProject
Project("{FAE04EC0-301F-11D3-BF4B-00C04F79EFBC}") = "SigningServer.Android", "SigningServer.Android\SigningServer.Android.csproj", "{A5A936B4-AF08-4231-A3FB-9D3421701C48}"
EndProject
Global
	GlobalSection(SolutionConfigurationPlatforms) = preSolution
		Debug|x64 = Debug|x64
		Release|x64 = Release|x64
	EndGlobalSection
	GlobalSection(ProjectConfigurationPlatforms) = postSolution
		{50287122-BA69-45AA-8EA5-974725E94949}.Debug|x64.ActiveCfg = Debug|x64
		{50287122-BA69-45AA-8EA5-974725E94949}.Debug|x64.Build.0 = Debug|x64
		{50287122-BA69-45AA-8EA5-974725E94949}.Release|x64.ActiveCfg = Release|x64
		{50287122-BA69-45AA-8EA5-974725E94949}.Release|x64.Build.0 = Release|x64
		{D21AAFFC-1098-4A51-ACF4-48B4B73F5022}.Debug|x64.ActiveCfg = Debug|x64
		{D21AAFFC-1098-4A51-ACF4-48B4B73F5022}.Debug|x64.Build.0 = Debug|x64
		{D21AAFFC-1098-4A51-ACF4-48B4B73F5022}.Release|x64.ActiveCfg = Release|x64
		{D21AAFFC-1098-4A51-ACF4-48B4B73F5022}.Release|x64.Build.0 = Release|x64
		{5C9B1181-7E9F-45A0-8306-6FBA5C71D0A1}.Debug|x64.ActiveCfg = Debug|x64
		{5C9B1181-7E9F-45A0-8306-6FBA5C71D0A1}.Debug|x64.Build.0 = Debug|x64
		{5C9B1181-7E9F-45A0-8306-6FBA5C71D0A1}.Release|x64.ActiveCfg = Release|x64
		{5C9B1181-7E9F-45A0-8306-6FBA5C71D0A1}.Release|x64.Build.0 = Release|x64
		{70999530-7B5C-4154-8414-0717D0A9C4D6}.Debug|x64.ActiveCfg = Debug|Any CPU
		{70999530-7B5C-4154-8414-0717D0A9C4D6}.Debug|x64.Build.0 = Debug|Any CPU
		{70999530-7B5C-4154-8414-0717D0A9C4D6}.Release|x64.ActiveCfg = Release|Any CPU
		{70999530-7B5C-4154-8414-0717D0A9C4D6}.Release|x64.Build.0 = Release|Any CPU
		{EC706B59-9540-45A3-A6E3-29634855DA74}.Debug|x64.ActiveCfg = Debug|Any CPU
		{EC706B59-9540-45A3-A6E3-29634855DA74}.Debug|x64.Build.0 = Debug|Any CPU
		{EC706B59-9540-45A3-A6E3-29634855DA74}.Release|x64.ActiveCfg = Release|Any CPU
		{EC706B59-9540-45A3-A6E3-29634855DA74}.Release|x64.Build.0 = Release|Any CPU
		{A5A936B4-AF08-4231-A3FB-9D3421701C48}.Debug|x64.ActiveCfg = Debug|Any CPU
		{A5A936B4-AF08-4231-A3FB-9D3421701C48}.Debug|x64.Build.0 = Debug|Any CPU
		{A5A936B4-AF08-4231-A3FB-9D3421701C48}.Release|x64.ActiveCfg = Release|Any CPU
		{A5A936B4-AF08-4231-A3FB-9D3421701C48}.Release|x64.Build.0 = Release|Any CPU
	EndGlobalSection
	GlobalSection(SolutionProperties) = preSolution
		HideSolutionNode = FALSE
	EndGlobalSection
	GlobalSection(ExtensibilityGlobals) = postSolution
		SolutionGuid = {285658A4-537B-4542-9BA8-E282874E1FC2}
	EndGlobalSection
EndGlobal
