
Microsoft Visual Studio Solution File, Format Version 12.00
# Visual Studio Version 16
VisualStudioVersion = 16.0.30114.105
MinimumVisualStudioVersion = 10.0.40219.1
Project("{9A19103F-16F7-4668-BE54-9A1E7A4F7556}") = "SigningServer.Server", "SigningServer.Server\SigningServer.Server.csproj", "{50287122-BA69-45AA-8EA5-974725E94949}"
EndProject
Project("{9A19103F-16F7-4668-BE54-9A1E7A4F7556}") = "SigningServer.Client", "SigningServer.Client\SigningServer.Client.csproj", "{70999530-7B5C-4154-8414-0717D0A9C4D6}"
EndProject
Project("{2150E333-8FDC-42A3-9474-1A3956D46DE8}") = "CommonFiles", "CommonFiles", "{8EA70BD6-AE4B-48C4-A73D-E9A8595F8755}"
	ProjectSection(SolutionItems) = preProject
		Directory.Build.props = Directory.Build.props
		README.md = README.md
		LICENSE = LICENSE
	EndProjectSection
EndProject
Project("{9A19103F-16F7-4668-BE54-9A1E7A4F7556}") = "SigningServer.Core", "SigningServer.Core\SigningServer.Core.csproj", "{EC706B59-9540-45A3-A6E3-29634855DA74}"
EndProject
Project("{FAE04EC0-301F-11D3-BF4B-00C04F79EFBC}") = "SigningServer.Android", "SigningServer.Android\SigningServer.Android.csproj", "{A5A936B4-AF08-4231-A3FB-9D3421701C48}"
EndProject
Project("{FAE04EC0-301F-11D3-BF4B-00C04F79EFBC}") = "SigningServer.MsSign", "SigningServer.MsSign\SigningServer.MsSign.csproj", "{F75114D9-AAC3-45ED-A9C8-F90A6A3B1D24}"
EndProject
Project("{FAE04EC0-301F-11D3-BF4B-00C04F79EFBC}") = "SigningServer.ClickOnce", "SigningServer.ClickOnce\SigningServer.ClickOnce.csproj", "{275D85F8-C149-415F-8260-7288AE33333F}"
EndProject
Project("{FAE04EC0-301F-11D3-BF4B-00C04F79EFBC}") = "SigningServer.Android.Runtime", "SigningServer.Android.Runtime\SigningServer.Android.Runtime.csproj", "{324695D2-88B0-4DF2-9736-A427F088D00E}"
EndProject
Project("{FAE04EC0-301F-11D3-BF4B-00C04F79EFBC}") = "SigningServer.Android.ApkSig", "SigningServer.Android.ApkSig\SigningServer.Android.ApkSig.csproj", "{66B494FE-33C9-4E4A-A821-90EFDAB6FAF8}"
EndProject
Project("{FAE04EC0-301F-11D3-BF4B-00C04F79EFBC}") = "SigningServer.Android.ApkSig.Tests", "SigningServer.Android.ApkSig.Tests\SigningServer.Android.ApkSig.Tests.csproj", "{36994D47-8EC9-460B-9B0A-E6102CABCBF7}"
EndProject
Project("{2150E333-8FDC-42A3-9474-1A3956D46DE8}") = "Android", "Android", "{DCB387F1-24B4-40AE-96EB-C26E542A93A3}"
EndProject
Project("{FAE04EC0-301F-11D3-BF4B-00C04F79EFBC}") = "SigningServer.Android.Runtime.Tests", "SigningServer.Android.Runtime.Tests\SigningServer.Android.Runtime.Tests.csproj", "{58BAEAD7-BEC6-4117-AC86-D8E35B01173B}"
EndProject
Project("{FAE04EC0-301F-11D3-BF4B-00C04F79EFBC}") = "SigningServer.Tests", "SigningServer.Tests\SigningServer.Tests.csproj", "{2BD0A43A-01B7-4E03-B9F0-208642042AB2}"
EndProject
Project("{FAE04EC0-301F-11D3-BF4B-00C04F79EFBC}") = "SigningServer.Signing", "SigningServer.Signing\SigningServer.Signing.csproj", "{C5DCD69F-21E2-4023-97DA-5AFFB1661368}"
EndProject
Project("{FAE04EC0-301F-11D3-BF4B-00C04F79EFBC}") = "SigningServer.NuGet", "SigningServer.NuGet\SigningServer.NuGet.csproj", "{CE66B7F6-3098-4F1F-B6D4-FFD56D384D0C}"
EndProject
Project("{FAE04EC0-301F-11D3-BF4B-00C04F79EFBC}") = "SigningServer.StandaloneClient", "SigningServer.StandaloneClient\SigningServer.StandaloneClient.csproj", "{31801116-48D5-47EC-BE2E-BBFDA6C825AD}"
EndProject
Project("{FAE04EC0-301F-11D3-BF4B-00C04F79EFBC}") = "SigningServer.ClientCore", "SigningServer.ClientCore\SigningServer.ClientCore.csproj", "{ACF064FF-E2C3-4706-8413-D90D06741473}"
EndProject
Project("{FAE04EC0-301F-11D3-BF4B-00C04F79EFBC}") = "SigningServer.Dtos", "SigningServer.Dtos\SigningServer.Dtos.csproj", "{D6D2429C-60A4-4F51-8A42-F2A643B0B5EB}"
EndProject
Global
	GlobalSection(SolutionConfigurationPlatforms) = preSolution
		Debug|Any CPU = Debug|Any CPU
		Release|Any CPU = Release|Any CPU
	EndGlobalSection
	GlobalSection(ProjectConfigurationPlatforms) = postSolution
		{A5A936B4-AF08-4231-A3FB-9D3421701C48}.Debug|Any CPU.ActiveCfg = Debug|Any CPU
		{A5A936B4-AF08-4231-A3FB-9D3421701C48}.Debug|Any CPU.Build.0 = Debug|Any CPU
		{A5A936B4-AF08-4231-A3FB-9D3421701C48}.Release|Any CPU.ActiveCfg = Release|Any CPU
		{A5A936B4-AF08-4231-A3FB-9D3421701C48}.Release|Any CPU.Build.0 = Release|Any CPU
		{70999530-7B5C-4154-8414-0717D0A9C4D6}.Debug|Any CPU.ActiveCfg = Debug|Any CPU
		{70999530-7B5C-4154-8414-0717D0A9C4D6}.Debug|Any CPU.Build.0 = Debug|Any CPU
		{70999530-7B5C-4154-8414-0717D0A9C4D6}.Release|Any CPU.ActiveCfg = Release|Any CPU
		{70999530-7B5C-4154-8414-0717D0A9C4D6}.Release|Any CPU.Build.0 = Release|Any CPU
		{EC706B59-9540-45A3-A6E3-29634855DA74}.Debug|Any CPU.ActiveCfg = Debug|Any CPU
		{EC706B59-9540-45A3-A6E3-29634855DA74}.Debug|Any CPU.Build.0 = Debug|Any CPU
		{EC706B59-9540-45A3-A6E3-29634855DA74}.Release|Any CPU.ActiveCfg = Release|Any CPU
		{EC706B59-9540-45A3-A6E3-29634855DA74}.Release|Any CPU.Build.0 = Release|Any CPU
		{50287122-BA69-45AA-8EA5-974725E94949}.Debug|Any CPU.ActiveCfg = Debug|Any CPU
		{50287122-BA69-45AA-8EA5-974725E94949}.Debug|Any CPU.Build.0 = Debug|Any CPU
		{50287122-BA69-45AA-8EA5-974725E94949}.Release|Any CPU.ActiveCfg = Release|Any CPU
		{50287122-BA69-45AA-8EA5-974725E94949}.Release|Any CPU.Build.0 = Release|Any CPU
		{F75114D9-AAC3-45ED-A9C8-F90A6A3B1D24}.Debug|Any CPU.ActiveCfg = Debug|Any CPU
		{F75114D9-AAC3-45ED-A9C8-F90A6A3B1D24}.Debug|Any CPU.Build.0 = Debug|Any CPU
		{F75114D9-AAC3-45ED-A9C8-F90A6A3B1D24}.Release|Any CPU.ActiveCfg = Release|Any CPU
		{F75114D9-AAC3-45ED-A9C8-F90A6A3B1D24}.Release|Any CPU.Build.0 = Release|Any CPU
		{275D85F8-C149-415F-8260-7288AE33333F}.Debug|Any CPU.ActiveCfg = Debug|Any CPU
		{275D85F8-C149-415F-8260-7288AE33333F}.Debug|Any CPU.Build.0 = Debug|Any CPU
		{275D85F8-C149-415F-8260-7288AE33333F}.Release|Any CPU.ActiveCfg = Release|Any CPU
		{275D85F8-C149-415F-8260-7288AE33333F}.Release|Any CPU.Build.0 = Release|Any CPU
		{324695D2-88B0-4DF2-9736-A427F088D00E}.Debug|Any CPU.ActiveCfg = Debug|Any CPU
		{324695D2-88B0-4DF2-9736-A427F088D00E}.Debug|Any CPU.Build.0 = Debug|Any CPU
		{324695D2-88B0-4DF2-9736-A427F088D00E}.Release|Any CPU.ActiveCfg = Release|Any CPU
		{324695D2-88B0-4DF2-9736-A427F088D00E}.Release|Any CPU.Build.0 = Release|Any CPU
		{66B494FE-33C9-4E4A-A821-90EFDAB6FAF8}.Debug|Any CPU.ActiveCfg = Debug|Any CPU
		{66B494FE-33C9-4E4A-A821-90EFDAB6FAF8}.Debug|Any CPU.Build.0 = Debug|Any CPU
		{66B494FE-33C9-4E4A-A821-90EFDAB6FAF8}.Release|Any CPU.ActiveCfg = Release|Any CPU
		{66B494FE-33C9-4E4A-A821-90EFDAB6FAF8}.Release|Any CPU.Build.0 = Release|Any CPU
		{36994D47-8EC9-460B-9B0A-E6102CABCBF7}.Debug|Any CPU.ActiveCfg = Debug|Any CPU
		{36994D47-8EC9-460B-9B0A-E6102CABCBF7}.Debug|Any CPU.Build.0 = Debug|Any CPU
		{36994D47-8EC9-460B-9B0A-E6102CABCBF7}.Release|Any CPU.ActiveCfg = Release|Any CPU
		{36994D47-8EC9-460B-9B0A-E6102CABCBF7}.Release|Any CPU.Build.0 = Release|Any CPU
		{58BAEAD7-BEC6-4117-AC86-D8E35B01173B}.Debug|Any CPU.ActiveCfg = Debug|Any CPU
		{58BAEAD7-BEC6-4117-AC86-D8E35B01173B}.Debug|Any CPU.Build.0 = Debug|Any CPU
		{58BAEAD7-BEC6-4117-AC86-D8E35B01173B}.Release|Any CPU.ActiveCfg = Release|Any CPU
		{58BAEAD7-BEC6-4117-AC86-D8E35B01173B}.Release|Any CPU.Build.0 = Release|Any CPU
		{2BD0A43A-01B7-4E03-B9F0-208642042AB2}.Debug|Any CPU.ActiveCfg = Debug|Any CPU
		{2BD0A43A-01B7-4E03-B9F0-208642042AB2}.Debug|Any CPU.Build.0 = Debug|Any CPU
		{2BD0A43A-01B7-4E03-B9F0-208642042AB2}.Release|Any CPU.ActiveCfg = Release|Any CPU
		{2BD0A43A-01B7-4E03-B9F0-208642042AB2}.Release|Any CPU.Build.0 = Release|Any CPU
		{C5DCD69F-21E2-4023-97DA-5AFFB1661368}.Debug|Any CPU.ActiveCfg = Debug|Any CPU
		{C5DCD69F-21E2-4023-97DA-5AFFB1661368}.Debug|Any CPU.Build.0 = Debug|Any CPU
		{C5DCD69F-21E2-4023-97DA-5AFFB1661368}.Release|Any CPU.ActiveCfg = Release|Any CPU
		{C5DCD69F-21E2-4023-97DA-5AFFB1661368}.Release|Any CPU.Build.0 = Release|Any CPU
		{CE66B7F6-3098-4F1F-B6D4-FFD56D384D0C}.Debug|Any CPU.ActiveCfg = Debug|Any CPU
		{CE66B7F6-3098-4F1F-B6D4-FFD56D384D0C}.Debug|Any CPU.Build.0 = Debug|Any CPU
		{CE66B7F6-3098-4F1F-B6D4-FFD56D384D0C}.Release|Any CPU.ActiveCfg = Release|Any CPU
		{CE66B7F6-3098-4F1F-B6D4-FFD56D384D0C}.Release|Any CPU.Build.0 = Release|Any CPU
		{31801116-48D5-47EC-BE2E-BBFDA6C825AD}.Debug|Any CPU.ActiveCfg = Debug|Any CPU
		{31801116-48D5-47EC-BE2E-BBFDA6C825AD}.Debug|Any CPU.Build.0 = Debug|Any CPU
		{31801116-48D5-47EC-BE2E-BBFDA6C825AD}.Release|Any CPU.ActiveCfg = Release|Any CPU
		{31801116-48D5-47EC-BE2E-BBFDA6C825AD}.Release|Any CPU.Build.0 = Release|Any CPU
		{ACF064FF-E2C3-4706-8413-D90D06741473}.Debug|Any CPU.ActiveCfg = Debug|Any CPU
		{ACF064FF-E2C3-4706-8413-D90D06741473}.Debug|Any CPU.Build.0 = Debug|Any CPU
		{ACF064FF-E2C3-4706-8413-D90D06741473}.Release|Any CPU.ActiveCfg = Release|Any CPU
		{ACF064FF-E2C3-4706-8413-D90D06741473}.Release|Any CPU.Build.0 = Release|Any CPU
		{D6D2429C-60A4-4F51-8A42-F2A643B0B5EB}.Debug|Any CPU.ActiveCfg = Debug|Any CPU
		{D6D2429C-60A4-4F51-8A42-F2A643B0B5EB}.Debug|Any CPU.Build.0 = Debug|Any CPU
		{D6D2429C-60A4-4F51-8A42-F2A643B0B5EB}.Release|Any CPU.ActiveCfg = Release|Any CPU
		{D6D2429C-60A4-4F51-8A42-F2A643B0B5EB}.Release|Any CPU.Build.0 = Release|Any CPU
	EndGlobalSection
	GlobalSection(SolutionProperties) = preSolution
		HideSolutionNode = FALSE
	EndGlobalSection
	GlobalSection(ExtensibilityGlobals) = postSolution
		SolutionGuid = {285658A4-537B-4542-9BA8-E282874E1FC2}
	EndGlobalSection
	GlobalSection(NestedProjects) = preSolution
		{A5A936B4-AF08-4231-A3FB-9D3421701C48} = {DCB387F1-24B4-40AE-96EB-C26E542A93A3}
		{66B494FE-33C9-4E4A-A821-90EFDAB6FAF8} = {DCB387F1-24B4-40AE-96EB-C26E542A93A3}
		{36994D47-8EC9-460B-9B0A-E6102CABCBF7} = {DCB387F1-24B4-40AE-96EB-C26E542A93A3}
		{324695D2-88B0-4DF2-9736-A427F088D00E} = {DCB387F1-24B4-40AE-96EB-C26E542A93A3}
		{58BAEAD7-BEC6-4117-AC86-D8E35B01173B} = {DCB387F1-24B4-40AE-96EB-C26E542A93A3}
	EndGlobalSection
EndGlobal
